
Microsoft Visual Studio Solution File, Format Version 12.00
# Visual Studio Version 17
VisualStudioVersion = 17.2.32630.192
MinimumVisualStudioVersion = 10.0.40219.1
Project("{FAE04EC0-301F-11D3-BF4B-00C04F79EFBC}") = "SpinomenalConnector", "SpinomenalConnector\SpinomenalConnector.csproj", "{3188B1F4-8B9D-483C-9845-F9810F8D6552}"
EndProject
Global
	GlobalSection(SolutionConfigurationPlatforms) = preSolution
		Debug|Any CPU = Debug|Any CPU
		Release|Any CPU = Release|Any CPU
	EndGlobalSection
	GlobalSection(ProjectConfigurationPlatforms) = postSolution
		{3188B1F4-8B9D-483C-9845-F9810F8D6552}.Debug|Any CPU.ActiveCfg = Debug|Any CPU
		{3188B1F4-8B9D-483C-9845-F9810F8D6552}.Debug|Any CPU.Build.0 = Debug|Any CPU
		{3188B1F4-8B9D-483C-9845-F9810F8D6552}.Release|Any CPU.ActiveCfg = Release|Any CPU
		{3188B1F4-8B9D-483C-9845-F9810F8D6552}.Release|Any CPU.Build.0 = Release|Any CPU
	EndGlobalSection
	GlobalSection(SolutionProperties) = preSolution
		HideSolutionNode = FALSE
	EndGlobalSection
	GlobalSection(ExtensibilityGlobals) = postSolution
		SolutionGuid = {DB8A3FB7-140C-40CA-897D-95835E42E89F}
	EndGlobalSection
EndGlobal
